hash: d9f68a09782c8236972f8f612ecfdfe0d77c7e82cd9fefe433661558d21eac28
updated: 2017-02-21T22:28:23.183455232-06:00
imports:
- name: github.com/nlopes/slack
  version: 6519657c021b7add19c4ef48220140cca0b1657b
- name: golang.org/x/net
  version: f315505cf3349909cdf013ea56690da34e96a451
  subpackages:
  - websocket
testImports: []
